---
label: Code Block
hide_body: true
fields:
- name: block
  type: text
  config:
    required: false
  label: block
  hidden: true
  default: code-block
- name: code
  type: textarea
  default: ''
  config:
    required: false
    wysiwyg: false
    schema:
      format: markdown
  label: Code
  description: Add raw code here
